
Microsoft Visual Studio Solution File, Format Version 12.00
# Visual Studio Version 17
VisualStudioVersion = 17.4.33110.190
MinimumVisualStudioVersion = 10.0.40219.1
Project("{FAE04EC0-301F-11D3-BF4B-00C04F79EFBC}") = "Animals", "Animals\Animals.csproj", "{D6ABF043-4271-4773-8782-B4F4174A1B1F}"
EndProject
Global
	GlobalSection(SolutionConfigurationPlatforms) = preSolution
		Debug|Any CPU = Debug|Any CPU
		Release|Any CPU = Release|Any CPU
	EndGlobalSection
	GlobalSection(ProjectConfigurationPlatforms) = postSolution
		{D6ABF043-4271-4773-8782-B4F4174A1B1F}.Debug|Any CPU.ActiveCfg = Debug|Any CPU
		{D6ABF043-4271-4773-8782-B4F4174A1B1F}.Debug|Any CPU.Build.0 = Debug|Any CPU
		{D6ABF043-4271-4773-8782-B4F4174A1B1F}.Release|Any CPU.ActiveCfg = Release|Any CPU
		{D6ABF043-4271-4773-8782-B4F4174A1B1F}.Release|Any CPU.Build.0 = Release|Any CPU
	EndGlobalSection
	GlobalSection(SolutionProperties) = preSolution
		HideSolutionNode = FALSE
	EndGlobalSection
	GlobalSection(ExtensibilityGlobals) = postSolution
		SolutionGuid = {301CF87D-E485-4953-8B07-D7DD983D63FC}
	EndGlobalSection
EndGlobal
