
Microsoft Visual Studio Solution File, Format Version 12.00
# Visual Studio Version 17
VisualStudioVersion = 17.4.33110.190
MinimumVisualStudioVersion = 10.0.40219.1
Project("{FAE04EC0-301F-11D3-BF4B-00C04F79EFBC}") = "ConsoleApp1", "ConsoleApp1\ConsoleApp1.csproj", "{FD54EEBA-6EF4-4B9A-8943-279C6E21B543}"
EndProject
Global
	GlobalSection(SolutionConfigurationPlatforms) = preSolution
		Debug|Any CPU = Debug|Any CPU
		Release|Any CPU = Release|Any CPU
	EndGlobalSection
	GlobalSection(ProjectConfigurationPlatforms) = postSolution
		{FD54EEBA-6EF4-4B9A-8943-279C6E21B543}.Debug|Any CPU.ActiveCfg = Debug|Any CPU
		{FD54EEBA-6EF4-4B9A-8943-279C6E21B543}.Debug|Any CPU.Build.0 = Debug|Any CPU
		{FD54EEBA-6EF4-4B9A-8943-279C6E21B543}.Release|Any CPU.ActiveCfg = Release|Any CPU
		{FD54EEBA-6EF4-4B9A-8943-279C6E21B543}.Release|Any CPU.Build.0 = Release|Any CPU
	EndGlobalSection
	GlobalSection(SolutionProperties) = preSolution
		HideSolutionNode = FALSE
	EndGlobalSection
	GlobalSection(ExtensibilityGlobals) = postSolution
		SolutionGuid = {3EA57EEA-44CD-4DB6-A9A1-9CC9840DF71B}
	EndGlobalSection
EndGlobal
