
Microsoft Visual Studio Solution File, Format Version 12.00
# Visual Studio Version 17
VisualStudioVersion = 17.4.33103.184
MinimumVisualStudioVersion = 10.0.40219.1
Project("{FAE04EC0-301F-11D3-BF4B-00C04F79EFBC}") = "ConsoleApp2", "ConsoleApp2\ConsoleApp2.csproj", "{F9211E2C-62AF-4DCE-84BD-65E91623D3EA}"
EndProject
Global
	GlobalSection(SolutionConfigurationPlatforms) = preSolution
		Debug|Any CPU = Debug|Any CPU
		Release|Any CPU = Release|Any CPU
	EndGlobalSection
	GlobalSection(ProjectConfigurationPlatforms) = postSolution
		{F9211E2C-62AF-4DCE-84BD-65E91623D3EA}.Debug|Any CPU.ActiveCfg = Debug|Any CPU
		{F9211E2C-62AF-4DCE-84BD-65E91623D3EA}.Debug|Any CPU.Build.0 = Debug|Any CPU
		{F9211E2C-62AF-4DCE-84BD-65E91623D3EA}.Release|Any CPU.ActiveCfg = Release|Any CPU
		{F9211E2C-62AF-4DCE-84BD-65E91623D3EA}.Release|Any CPU.Build.0 = Release|Any CPU
	EndGlobalSection
	GlobalSection(SolutionProperties) = preSolution
		HideSolutionNode = FALSE
	EndGlobalSection
	GlobalSection(ExtensibilityGlobals) = postSolution
		SolutionGuid = {39011A36-471C-4D5D-AB41-7034C36D1AF3}
	EndGlobalSection
EndGlobal
